// !$*UTF8*$!
{
	archiveVersion = 1;
	classes = {
	};
	objectVersion = 46;
	objects = {

/* Begin PBXBuildFile section */
		1B097A4C1546CBDA00370DF8 /* CreateItemPositiveTest.m in Sources */ = {isa = PBXBuildFile; fileRef = 1B097A4B1546CBDA00370DF8 /* CreateItemPositiveTest.m */; };
		1B097A4D1546CBDC00370DF8 /* CreateItemPositiveTest.m in Sources */ = {isa = PBXBuildFile; fileRef = 1B097A4B1546CBDA00370DF8 /* CreateItemPositiveTest.m */; };
		1B097A4F1546CC1700370DF8 /* AllNegativeItemsRemoveFirst.m in Sources */ = {isa = PBXBuildFile; fileRef = 1B097A4E1546CC1700370DF8 /* AllNegativeItemsRemoveFirst.m */; };
		1B097A501546CC1A00370DF8 /* AllNegativeItemsRemoveFirst.m in Sources */ = {isa = PBXBuildFile; fileRef = 1B097A4E1546CC1700370DF8 /* AllNegativeItemsRemoveFirst.m */; };
		1B0D82C21519CD8100EC4A92 /* libSCAllMobileSDKLibs.a in Frameworks */ = {isa = PBXBuildFile; fileRef = 1B0D82B31519CD3C00EC4A92 /* libSCAllMobileSDKLibs.a */; };
		1B0D82C31519CD9C00EC4A92 /* MapKit.framework in Frameworks */ = {isa = PBXBuildFile; fileRef = 1BD6A9D21518CAC300D2FC84 /* MapKit.framework */; };
		1B0D82C41519CDB400EC4A92 /* CoreLocation.framework in Frameworks */ = {isa = PBXBuildFile; fileRef = 1BD6A9D01518CAA100D2FC84 /* CoreLocation.framework */; };
		1B11671C14C6C5F6000AD289 /* AddressBook.framework in Frameworks */ = {isa = PBXBuildFile; fileRef = 1B11671714C6C5F6000AD289 /* AddressBook.framework */; };
		1B11671D14C6C5F6000AD289 /* AddressBookUI.framework in Frameworks */ = {isa = PBXBuildFile; fileRef = 1B11671814C6C5F6000AD289 /* AddressBookUI.framework */; };
		1B11671E14C6C5F6000AD289 /* CoreMotion.framework in Frameworks */ = {isa = PBXBuildFile; fileRef = 1B11671914C6C5F6000AD289 /* CoreMotion.framework */; };
		1B11671F14C6C5F6000AD289 /* MessageUI.framework in Frameworks */ = {isa = PBXBuildFile; fileRef = 1B11671A14C6C5F6000AD289 /* MessageUI.framework */; };
		1B11672014C6C5F6000AD289 /* Twitter.framework in Frameworks */ = {isa = PBXBuildFile; fileRef = 1B11671B14C6C5F6000AD289 /* Twitter.framework */; };
		1B11672214C6C60F000AD289 /* AudioToolbox.framework in Frameworks */ = {isa = PBXBuildFile; fileRef = 1B11672114C6C60F000AD289 /* AudioToolbox.framework */; };
		1B33953715663B0B00E935E9 /* libc++.dylib in Frameworks */ = {isa = PBXBuildFile; fileRef = 1B33953615663B0B00E935E9 /* libc++.dylib */; };
		1B33956115663E3400E935E9 /* GHUnitIOS.framework in Frameworks */ = {isa = PBXBuildFile; fileRef = 1B33956015663E3400E935E9 /* GHUnitIOS.framework */; };
		1B33956215663E3400E935E9 /* GHUnitIOS.framework in Frameworks */ = {isa = PBXBuildFile; fileRef = 1B33956015663E3400E935E9 /* GHUnitIOS.framework */; };
		1B7AC4B21491036300DDD31D /* SCGlobalSettings.m in Sources */ = {isa = PBXBuildFile; fileRef = 1B7AC4B11491036300DDD31D /* SCGlobalSettings.m */; };
		1B925BA114615C7D00C9FC49 /* UIKit.framework in Frameworks */ = {isa = PBXBuildFile; fileRef = 1B925BA014615C7D00C9FC49 /* UIKit.framework */; };
		1B925BA314615C7D00C9FC49 /* Foundation.framework in Frameworks */ = {isa = PBXBuildFile; fileRef = 1B925BA214615C7D00C9FC49 /* Foundation.framework */; };
		1B925BA514615C7D00C9FC49 /* CoreGraphics.framework in Frameworks */ = {isa = PBXBuildFile; fileRef = 1B925BA414615C7D00C9FC49 /* CoreGraphics.framework */; };
		1B925BAB14615C7E00C9FC49 /* InfoPlist.strings in Resources */ = {isa = PBXBuildFile; fileRef = 1B925BA914615C7E00C9FC49 /* InfoPlist.strings */; };
		1B925BAD14615C7E00C9FC49 /* main.m in Sources */ = {isa = PBXBuildFile; fileRef = 1B925BAC14615C7E00C9FC49 /* main.m */; };
		1B925CBC1461610900C9FC49 /* libz.dylib in Frameworks */ = {isa = PBXBuildFile; fileRef = 1B925CBB1461610900C9FC49 /* libz.dylib */; };
		1B925CBE1461611200C9FC49 /* libsqlite3.dylib in Frameworks */ = {isa = PBXBuildFile; fileRef = 1B925CBD1461611200C9FC49 /* libsqlite3.dylib */; };
		1B925CC01461611B00C9FC49 /* CFNetwork.framework in Frameworks */ = {isa = PBXBuildFile; fileRef = 1B925CBF1461611B00C9FC49 /* CFNetwork.framework */; };
		1B925CC21461612900C9FC49 /* libxml2.dylib in Frameworks */ = {isa = PBXBuildFile; fileRef = 1B925CC11461612900C9FC49 /* libxml2.dylib */; };
		1B925D6D14616E6B00C9FC49 /* auth.xml in Resources */ = {isa = PBXBuildFile; fileRef = 1B925D6C14616E6B00C9FC49 /* auth.xml */; };
		1B925D9D146197FF00C9FC49 /* SCAsyncTestCase.m in Sources */ = {isa = PBXBuildFile; fileRef = 1B925D9C146197FF00C9FC49 /* SCAsyncTestCase.m */; };
		1BBCABEF1510E87600199B37 /* AVFoundation.framework in Frameworks */ = {isa = PBXBuildFile; fileRef = 1BBCABEB1510E87600199B37 /* AVFoundation.framework */; };
		1BBCABF01510E87600199B37 /* CoreMedia.framework in Frameworks */ = {isa = PBXBuildFile; fileRef = 1BBCABEC1510E87600199B37 /* CoreMedia.framework */; };
		1BBCABF11510E87600199B37 /* CoreVideo.framework in Frameworks */ = {isa = PBXBuildFile; fileRef = 1BBCABED1510E87600199B37 /* CoreVideo.framework */; };
		1BBCABF21510E87600199B37 /* libiconv.dylib in Frameworks */ = {isa = PBXBuildFile; fileRef = 1BBCABEE1510E87600199B37 /* libiconv.dylib */; };
		1BC086BB147BA5A50066CFB3 /* GHUnitIOS.framework in Frameworks */ = {isa = PBXBuildFile; fileRef = 1BC086BA147BA5A50066CFB3 /* GHUnitIOS.framework */; };
		1BCC930C1511E11B00271BFD /* main.m in Sources */ = {isa = PBXBuildFile; fileRef = 1B925BAC14615C7E00C9FC49 /* main.m */; };
		1BCC930D1511E11B00271BFD /* SCAsyncTestCase.m in Sources */ = {isa = PBXBuildFile; fileRef = 1B925D9C146197FF00C9FC49 /* SCAsyncTestCase.m */; };
		1BCC930E1511E11B00271BFD /* SCGlobalSettings.m in Sources */ = {isa = PBXBuildFile; fileRef = 1B7AC4B11491036300DDD31D /* SCGlobalSettings.m */; };
		1BCC93361511E11B00271BFD /* AVFoundation.framework in Frameworks */ = {isa = PBXBuildFile; fileRef = 1BBCABEB1510E87600199B37 /* AVFoundation.framework */; };
		1BCC93371511E11B00271BFD /* CoreMedia.framework in Frameworks */ = {isa = PBXBuildFile; fileRef = 1BBCABEC1510E87600199B37 /* CoreMedia.framework */; };
		1BCC93381511E11B00271BFD /* CoreVideo.framework in Frameworks */ = {isa = PBXBuildFile; fileRef = 1BBCABED1510E87600199B37 /* CoreVideo.framework */; };
		1BCC93391511E11B00271BFD /* libiconv.dylib in Frameworks */ = {isa = PBXBuildFile; fileRef = 1BBCABEE1510E87600199B37 /* libiconv.dylib */; };
		1BCC933B1511E11B00271BFD /* AudioToolbox.framework in Frameworks */ = {isa = PBXBuildFile; fileRef = 1B11672114C6C60F000AD289 /* AudioToolbox.framework */; };
		1BCC933C1511E11B00271BFD /* AddressBook.framework in Frameworks */ = {isa = PBXBuildFile; fileRef = 1B11671714C6C5F6000AD289 /* AddressBook.framework */; };
		1BCC933D1511E11B00271BFD /* AddressBookUI.framework in Frameworks */ = {isa = PBXBuildFile; fileRef = 1B11671814C6C5F6000AD289 /* AddressBookUI.framework */; };
		1BCC933E1511E11B00271BFD /* CoreMotion.framework in Frameworks */ = {isa = PBXBuildFile; fileRef = 1B11671914C6C5F6000AD289 /* CoreMotion.framework */; };
		1BCC933F1511E11B00271BFD /* MessageUI.framework in Frameworks */ = {isa = PBXBuildFile; fileRef = 1B11671A14C6C5F6000AD289 /* MessageUI.framework */; };
		1BCC93401511E11B00271BFD /* Twitter.framework in Frameworks */ = {isa = PBXBuildFile; fileRef = 1B11671B14C6C5F6000AD289 /* Twitter.framework */; };
		1BCC93411511E11B00271BFD /* libxml2.dylib in Frameworks */ = {isa = PBXBuildFile; fileRef = 1B925CC11461612900C9FC49 /* libxml2.dylib */; };
		1BCC93421511E11B00271BFD /* CFNetwork.framework in Frameworks */ = {isa = PBXBuildFile; fileRef = 1B925CBF1461611B00C9FC49 /* CFNetwork.framework */; };
		1BCC93431511E11B00271BFD /* libsqlite3.dylib in Frameworks */ = {isa = PBXBuildFile; fileRef = 1B925CBD1461611200C9FC49 /* libsqlite3.dylib */; };
		1BCC93441511E11B00271BFD /* libz.dylib in Frameworks */ = {isa = PBXBuildFile; fileRef = 1B925CBB1461610900C9FC49 /* libz.dylib */; };
		1BCC93451511E11B00271BFD /* UIKit.framework in Frameworks */ = {isa = PBXBuildFile; fileRef = 1B925BA014615C7D00C9FC49 /* UIKit.framework */; };
		1BCC93461511E11B00271BFD /* Foundation.framework in Frameworks */ = {isa = PBXBuildFile; fileRef = 1B925BA214615C7D00C9FC49 /* Foundation.framework */; };
		1BCC93471511E11B00271BFD /* CoreGraphics.framework in Frameworks */ = {isa = PBXBuildFile; fileRef = 1B925BA414615C7D00C9FC49 /* CoreGraphics.framework */; };
		1BCC93481511E11B00271BFD /* GHUnitIOS.framework in Frameworks */ = {isa = PBXBuildFile; fileRef = 1BC086BA147BA5A50066CFB3 /* GHUnitIOS.framework */; };
		1BCC934B1511E11B00271BFD /* InfoPlist.strings in Resources */ = {isa = PBXBuildFile; fileRef = 1B925BA914615C7E00C9FC49 /* InfoPlist.strings */; };
		1BCC934C1511E11B00271BFD /* auth.xml in Resources */ = {isa = PBXBuildFile; fileRef = 1B925D6C14616E6B00C9FC49 /* auth.xml */; };
		1BCC938C1511E11B00271BFD /* auto tests.png in Resources */ = {isa = PBXBuildFile; fileRef = 258A14F514E537E600DA4DE5 /* auto tests.png */; };
		1BD6A9D11518CAA100D2FC84 /* CoreLocation.framework in Frameworks */ = {isa = PBXBuildFile; fileRef = 1BD6A9D01518CAA100D2FC84 /* CoreLocation.framework */; };
		1BD6A9D31518CAC300D2FC84 /* MapKit.framework in Frameworks */ = {isa = PBXBuildFile; fileRef = 1BD6A9D21518CAC300D2FC84 /* MapKit.framework */; };
		1BF4D959156680AE007D8CBF /* libstdc++.dylib in Frameworks */ = {isa = PBXBuildFile; fileRef = 1BF4D958156680AE007D8CBF /* libstdc++.dylib */; };
		1BF4D970156680F6007D8CBF /* libc++.dylib in Frameworks */ = {isa = PBXBuildFile; fileRef = 1B33953615663B0B00E935E9 /* libc++.dylib */; };
		2560DB5E1532DECA0096DC59 /* large_image.jpg in Resources */ = {isa = PBXBuildFile; fileRef = 2560DB5D1532DECA0096DC59 /* large_image.jpg */; };
		2560DB5F1532DECA0096DC59 /* large_image.jpg in Resources */ = {isa = PBXBuildFile; fileRef = 2560DB5D1532DECA0096DC59 /* large_image.jpg */; };
		25835EB615468F450022D026 /* RemoveAllNegativeTests.m in Sources */ = {isa = PBXBuildFile; fileRef = 25A35038152D826B00EAE653 /* RemoveAllNegativeTests.m */; };
		25835EB715468F460022D026 /* RemoveAllNegativeTests.m in Sources */ = {isa = PBXBuildFile; fileRef = 25A35038152D826B00EAE653 /* RemoveAllNegativeTests.m */; };
		25835EB8154690370022D026 /* EditItemNegativeTest.m in Sources */ = {isa = PBXBuildFile; fileRef = 258C773F152DBBA400B81592 /* EditItemNegativeTest.m */; };
		25835EB9154690370022D026 /* EditItemNegativeTest.m in Sources */ = {isa = PBXBuildFile; fileRef = 258C773F152DBBA400B81592 /* EditItemNegativeTest.m */; };
		25835EBA154692F10022D026 /* EditItemTest.m in Sources */ = {isa = PBXBuildFile; fileRef = 251C3DA215246DA000E7AE0D /* EditItemTest.m */; };
		25835EBB154692F20022D026 /* EditItemTest.m in Sources */ = {isa = PBXBuildFile; fileRef = 251C3DA215246DA000E7AE0D /* EditItemTest.m */; };
		25835EBC1546AD320022D026 /* RenderingHTMLTest.m in Sources */ = {isa = PBXBuildFile; fileRef = 06F800B2152D87E400770904 /* RenderingHTMLTest.m */; };
		25835EBD1546AD320022D026 /* RenderingHTMLTest.m in Sources */ = {isa = PBXBuildFile; fileRef = 06F800B2152D87E400770904 /* RenderingHTMLTest.m */; };
		25835EEB1546AD440022D026 /* UploadMediaNegativeTest.m in Sources */ = {isa = PBXBuildFile; fileRef = 258A920C1532C67700EBD05A /* UploadMediaNegativeTest.m */; };
		25835EF31546AD440022D026 /* UploadMediaNegativeTest.m in Sources */ = {isa = PBXBuildFile; fileRef = 258A920C1532C67700EBD05A /* UploadMediaNegativeTest.m */; };
		25874189154556B100AC1430 /* DeleteItemTest.m in Sources */ = {isa = PBXBuildFile; fileRef = 258F6E661525A50000A0E959 /* DeleteItemTest.m */; };
		2587418A154556B100AC1430 /* DeleteAllItems.m in Sources */ = {isa = PBXBuildFile; fileRef = 2589D3611529F46D0010E0B9 /* DeleteAllItems.m */; };
		2587418E154556B100AC1430 /* DeleteItemTest.m in Sources */ = {isa = PBXBuildFile; fileRef = 258F6E661525A50000A0E959 /* DeleteItemTest.m */; };
		2587418F154556B100AC1430 /* DeleteAllItems.m in Sources */ = {isa = PBXBuildFile; fileRef = 2589D3611529F46D0010E0B9 /* DeleteAllItems.m */; };
		2587435115457BEE00AC1430 /* UploadMediaTest.m in Sources */ = {isa = PBXBuildFile; fileRef = 251C3DA515246DBE00E7AE0D /* UploadMediaTest.m */; };
		2587435215457BEE00AC1430 /* UploadMediaTest.m in Sources */ = {isa = PBXBuildFile; fileRef = 251C3DA515246DBE00E7AE0D /* UploadMediaTest.m */; };
		258A14F614E537E600DA4DE5 /* auto tests.png in Resources */ = {isa = PBXBuildFile; fileRef = 258A14F514E537E600DA4DE5 /* auto tests.png */; };
		258B3FDF1566755400A2E8E8 /* ReadItemsCacheTest.mm in Sources */ = {isa = PBXBuildFile; fileRef = 2589D3241529F3420010E0B9 /* ReadItemsCacheTest.mm */; };
		258B3FE01566755400A2E8E8 /* ReadItemsIgnoreCacheTest.m in Sources */ = {isa = PBXBuildFile; fileRef = 2589D3251529F3420010E0B9 /* ReadItemsIgnoreCacheTest.m */; };
		258B3FE11566755400A2E8E8 /* ReadItemsCacheTest.mm in Sources */ = {isa = PBXBuildFile; fileRef = 2589D3241529F3420010E0B9 /* ReadItemsCacheTest.mm */; };
		258B3FE21566755400A2E8E8 /* ReadItemsIgnoreCacheTest.m in Sources */ = {isa = PBXBuildFile; fileRef = 2589D3251529F3420010E0B9 /* ReadItemsIgnoreCacheTest.m */; };
		258B3FE31566760D00A2E8E8 /* ReadFieldsWithAuth.m in Sources */ = {isa = PBXBuildFile; fileRef = 2589D3131529F3370010E0B9 /* ReadFieldsWithAuth.m */; };
		258B3FE41566760D00A2E8E8 /* ReadItemsCPTestAuth.m in Sources */ = {isa = PBXBuildFile; fileRef = 2589D3141529F3370010E0B9 /* ReadItemsCPTestAuth.m */; };
		258B3FE51566760D00A2E8E8 /* ReadItemsCTestAuth.m in Sources */ = {isa = PBXBuildFile; fileRef = 2589D3151529F3370010E0B9 /* ReadItemsCTestAuth.m */; };
		258B3FE61566760D00A2E8E8 /* ReadItemsPTestAuth.m in Sources */ = {isa = PBXBuildFile; fileRef = 2589D3161529F3370010E0B9 /* ReadItemsPTestAuth.m */; };
		258B3FE71566760D00A2E8E8 /* REadItemsSCPTestAuth.m in Sources */ = {isa = PBXBuildFile; fileRef = 2589D3171529F3370010E0B9 /* REadItemsSCPTestAuth.m */; };
		258B3FE81566760D00A2E8E8 /* ReadItemsSCTestAuth.m in Sources */ = {isa = PBXBuildFile; fileRef = 2589D3181529F3370010E0B9 /* ReadItemsSCTestAuth.m */; };
		258B3FE91566760D00A2E8E8 /* ReadItemsSPTestAuth.m in Sources */ = {isa = PBXBuildFile; fileRef = 2589D3191529F3370010E0B9 /* ReadItemsSPTestAuth.m */; };
		258B3FEA1566760D00A2E8E8 /* ReadItemsSTestAuth.m in Sources */ = {isa = PBXBuildFile; fileRef = 2589D31A1529F3370010E0B9 /* ReadItemsSTestAuth.m */; };
		258B3FEB1566760D00A2E8E8 /* ReadFieldsWithAuth.m in Sources */ = {isa = PBXBuildFile; fileRef = 2589D3131529F3370010E0B9 /* ReadFieldsWithAuth.m */; };
		258B3FEC1566760D00A2E8E8 /* ReadItemsCPTestAuth.m in Sources */ = {isa = PBXBuildFile; fileRef = 2589D3141529F3370010E0B9 /* ReadItemsCPTestAuth.m */; };
		258B3FED1566760D00A2E8E8 /* ReadItemsCTestAuth.m in Sources */ = {isa = PBXBuildFile; fileRef = 2589D3151529F3370010E0B9 /* ReadItemsCTestAuth.m */; };
		258B3FEE1566760D00A2E8E8 /* ReadItemsPTestAuth.m in Sources */ = {isa = PBXBuildFile; fileRef = 2589D3161529F3370010E0B9 /* ReadItemsPTestAuth.m */; };
		258B3FEF1566760D00A2E8E8 /* REadItemsSCPTestAuth.m in Sources */ = {isa = PBXBuildFile; fileRef = 2589D3171529F3370010E0B9 /* REadItemsSCPTestAuth.m */; };
		258B3FF01566760D00A2E8E8 /* ReadItemsSCTestAuth.m in Sources */ = {isa = PBXBuildFile; fileRef = 2589D3181529F3370010E0B9 /* ReadItemsSCTestAuth.m */; };
		258B3FF11566760D00A2E8E8 /* ReadItemsSPTestAuth.m in Sources */ = {isa = PBXBuildFile; fileRef = 2589D3191529F3370010E0B9 /* ReadItemsSPTestAuth.m */; };
		258B3FF21566760D00A2E8E8 /* ReadItemsSTestAuth.m in Sources */ = {isa = PBXBuildFile; fileRef = 2589D31A1529F3370010E0B9 /* ReadItemsSTestAuth.m */; };
		259E66FF15481A35004D9E0F /* ReadItemsCPTest.m in Sources */ = {isa = PBXBuildFile; fileRef = 2589D34C1529F36F0010E0B9 /* ReadItemsCPTest.m */; };
		259E670015481A35004D9E0F /* ReadItemsCTest.m in Sources */ = {isa = PBXBuildFile; fileRef = 2589D34D1529F36F0010E0B9 /* ReadItemsCTest.m */; };
		259E670115481A35004D9E0F /* ReadItemsPTest.m in Sources */ = {isa = PBXBuildFile; fileRef = 2589D34E1529F36F0010E0B9 /* ReadItemsPTest.m */; };
		259E670215481A35004D9E0F /* ReadItemsSCPTest.m in Sources */ = {isa = PBXBuildFile; fileRef = 2589D34F1529F36F0010E0B9 /* ReadItemsSCPTest.m */; };
		259E670315481A35004D9E0F /* ReadItemsSCTest.m in Sources */ = {isa = PBXBuildFile; fileRef = 2589D3501529F36F0010E0B9 /* ReadItemsSCTest.m */; };
		259E670415481A35004D9E0F /* ReadItemsSPTest.m in Sources */ = {isa = PBXBuildFile; fileRef = 2589D3511529F36F0010E0B9 /* ReadItemsSPTest.m */; };
		259E670515481A35004D9E0F /* ReadItemsSTest.m in Sources */ = {isa = PBXBuildFile; fileRef = 2589D3521529F36F0010E0B9 /* ReadItemsSTest.m */; };
		259E670615481A35004D9E0F /* ReadItemsTest.m in Sources */ = {isa = PBXBuildFile; fileRef = 2589D3531529F36F0010E0B9 /* ReadItemsTest.m */; };
		259E670715481A35004D9E0F /* ReadItemsWithQueryTest.m in Sources */ = {isa = PBXBuildFile; fileRef = 2589D3541529F36F0010E0B9 /* ReadItemsWithQueryTest.m */; };
		259E670815481A35004D9E0F /* RootBranchReadItemTest.m in Sources */ = {isa = PBXBuildFile; fileRef = 2589D3551529F36F0010E0B9 /* RootBranchReadItemTest.m */; };
		259E670915482E08004D9E0F /* CreateItemNegativeTest.m in Sources */ = {isa = PBXBuildFile; fileRef = 2589D144152994CA0010E0B9 /* CreateItemNegativeTest.m */; };
		259E670A15482E09004D9E0F /* CreateItemNegativeTest.m in Sources */ = {isa = PBXBuildFile; fileRef = 2589D144152994CA0010E0B9 /* CreateItemNegativeTest.m */; };
		259E670B15483327004D9E0F /* ReadItemsCPTest.m in Sources */ = {isa = PBXBuildFile; fileRef = 2589D34C1529F36F0010E0B9 /* ReadItemsCPTest.m */; };
		259E670C15483327004D9E0F /* ReadItemsCTest.m in Sources */ = {isa = PBXBuildFile; fileRef = 2589D34D1529F36F0010E0B9 /* ReadItemsCTest.m */; };
		259E670D15483327004D9E0F /* ReadItemsPTest.m in Sources */ = {isa = PBXBuildFile; fileRef = 2589D34E1529F36F0010E0B9 /* ReadItemsPTest.m */; };
		259E670E15483327004D9E0F /* ReadItemsSCPTest.m in Sources */ = {isa = PBXBuildFile; fileRef = 2589D34F1529F36F0010E0B9 /* ReadItemsSCPTest.m */; };
		259E670F15483327004D9E0F /* ReadItemsSCTest.m in Sources */ = {isa = PBXBuildFile; fileRef = 2589D3501529F36F0010E0B9 /* ReadItemsSCTest.m */; };
		259E671015483327004D9E0F /* ReadItemsSPTest.m in Sources */ = {isa = PBXBuildFile; fileRef = 2589D3511529F36F0010E0B9 /* ReadItemsSPTest.m */; };
		259E671115483327004D9E0F /* ReadItemsSTest.m in Sources */ = {isa = PBXBuildFile; fileRef = 2589D3521529F36F0010E0B9 /* ReadItemsSTest.m */; };
		259E671215483327004D9E0F /* ReadItemsTest.m in Sources */ = {isa = PBXBuildFile; fileRef = 2589D3531529F36F0010E0B9 /* ReadItemsTest.m */; };
		259E671315483327004D9E0F /* ReadItemsWithQueryTest.m in Sources */ = {isa = PBXBuildFile; fileRef = 2589D3541529F36F0010E0B9 /* ReadItemsWithQueryTest.m */; };
		259E671415483327004D9E0F /* RootBranchReadItemTest.m in Sources */ = {isa = PBXBuildFile; fileRef = 2589D3551529F36F0010E0B9 /* RootBranchReadItemTest.m */; };
		259E67151548332A004D9E0F /* PagingItemsTest.m in Sources */ = {isa = PBXBuildFile; fileRef = 2589D3461529F3690010E0B9 /* PagingItemsTest.m */; };
		259E67161548332A004D9E0F /* ReadPagingItemsAuthTest.m in Sources */ = {isa = PBXBuildFile; fileRef = 2589D3471529F3690010E0B9 /* ReadPagingItemsAuthTest.m */; };
		259E67171548332A004D9E0F /* PagingItemsTest.m in Sources */ = {isa = PBXBuildFile; fileRef = 2589D3461529F3690010E0B9 /* PagingItemsTest.m */; };
		259E67181548332A004D9E0F /* ReadPagingItemsAuthTest.m in Sources */ = {isa = PBXBuildFile; fileRef = 2589D3471529F3690010E0B9 /* ReadPagingItemsAuthTest.m */; };
		259E671915483330004D9E0F /* LanguageReaderPositiveTest.m in Sources */ = {isa = PBXBuildFile; fileRef = 1B097A481546CB8300370DF8 /* LanguageReaderPositiveTest.m */; };
		259E671A15483330004D9E0F /* LanguageReaderNegativeTest.m in Sources */ = {isa = PBXBuildFile; fileRef = 2589D3411529F3630010E0B9 /* LanguageReaderNegativeTest.m */; };
		259E671B15483330004D9E0F /* LanguageReaderPositiveTest.m in Sources */ = {isa = PBXBuildFile; fileRef = 1B097A481546CB8300370DF8 /* LanguageReaderPositiveTest.m */; };
		259E671C15483330004D9E0F /* LanguageReaderNegativeTest.m in Sources */ = {isa = PBXBuildFile; fileRef = 2589D3411529F3630010E0B9 /* LanguageReaderNegativeTest.m */; };
		259E671D1548333C004D9E0F /* GetFieldFromItemTest.m in Sources */ = {isa = PBXBuildFile; fileRef = 2589D3381529F35B0010E0B9 /* GetFieldFromItemTest.m */; };
		259E671E1548333C004D9E0F /* GetFieldsFromItemReaderTest.m in Sources */ = {isa = PBXBuildFile; fileRef = 2589D3391529F35B0010E0B9 /* GetFieldsFromItemReaderTest.m */; };
		259E671F1548333C004D9E0F /* GetFieldValueFromFieldTest.m in Sources */ = {isa = PBXBuildFile; fileRef = 2589D33A1529F35B0010E0B9 /* GetFieldValueFromFieldTest.m */; };
		259E67201548333C004D9E0F /* ReadFieldsWithSecurityTest.m in Sources */ = {isa = PBXBuildFile; fileRef = 2589D33B1529F35B0010E0B9 /* ReadFieldsWithSecurityTest.m */; };
		259E67211548333C004D9E0F /* GetFieldFromItemTest.m in Sources */ = {isa = PBXBuildFile; fileRef = 2589D3381529F35B0010E0B9 /* GetFieldFromItemTest.m */; };
		259E67221548333C004D9E0F /* GetFieldsFromItemReaderTest.m in Sources */ = {isa = PBXBuildFile; fileRef = 2589D3391529F35B0010E0B9 /* GetFieldsFromItemReaderTest.m */; };
		259E67231548333C004D9E0F /* GetFieldValueFromFieldTest.m in Sources */ = {isa = PBXBuildFile; fileRef = 2589D33A1529F35B0010E0B9 /* GetFieldValueFromFieldTest.m */; };
		259E67241548333C004D9E0F /* ReadFieldsWithSecurityTest.m in Sources */ = {isa = PBXBuildFile; fileRef = 2589D33B1529F35B0010E0B9 /* ReadFieldsWithSecurityTest.m */; };
		259E672515483341004D9E0F /* AuthErrorTest.m in Sources */ = {isa = PBXBuildFile; fileRef = 2589D3291529F3510010E0B9 /* AuthErrorTest.m */; };
		259E672615483341004D9E0F /* FieldsErrorTest.m in Sources */ = {isa = PBXBuildFile; fileRef = 2589D32A1529F3510010E0B9 /* FieldsErrorTest.m */; };
		259E672715483341004D9E0F /* InvalidPathErrorTest.m in Sources */ = {isa = PBXBuildFile; fileRef = 2589D32B1529F3510010E0B9 /* InvalidPathErrorTest.m */; };
		259E672815483341004D9E0F /* InvalidRequestErrorTest.m in Sources */ = {isa = PBXBuildFile; fileRef = 2589D32C1529F3510010E0B9 /* InvalidRequestErrorTest.m */; };
		259E672915483341004D9E0F /* NoItemErrorTest.m in Sources */ = {isa = PBXBuildFile; fileRef = 2589D32D1529F3510010E0B9 /* NoItemErrorTest.m */; };
		259E672A15483341004D9E0F /* NoItemFieldErrorTest.m in Sources */ = {isa = PBXBuildFile; fileRef = 2589D32E1529F3510010E0B9 /* NoItemFieldErrorTest.m */; };
		259E672B15483341004D9E0F /* ResponseErrorTest.m in Sources */ = {isa = PBXBuildFile; fileRef = 2589D32F1529F3510010E0B9 /* ResponseErrorTest.m */; };
		259E672C15483341004D9E0F /* AuthErrorTest.m in Sources */ = {isa = PBXBuildFile; fileRef = 2589D3291529F3510010E0B9 /* AuthErrorTest.m */; };
		259E672D15483341004D9E0F /* FieldsErrorTest.m in Sources */ = {isa = PBXBuildFile; fileRef = 2589D32A1529F3510010E0B9 /* FieldsErrorTest.m */; };
		259E672E15483341004D9E0F /* InvalidPathErrorTest.m in Sources */ = {isa = PBXBuildFile; fileRef = 2589D32B1529F3510010E0B9 /* InvalidPathErrorTest.m */; };
		259E672F15483341004D9E0F /* InvalidRequestErrorTest.m in Sources */ = {isa = PBXBuildFile; fileRef = 2589D32C1529F3510010E0B9 /* InvalidRequestErrorTest.m */; };
		259E673015483341004D9E0F /* NoItemErrorTest.m in Sources */ = {isa = PBXBuildFile; fileRef = 2589D32D1529F3510010E0B9 /* NoItemErrorTest.m */; };
		259E673115483341004D9E0F /* NoItemFieldErrorTest.m in Sources */ = {isa = PBXBuildFile; fileRef = 2589D32E1529F3510010E0B9 /* NoItemFieldErrorTest.m */; };
		259E673215483341004D9E0F /* ResponseErrorTest.m in Sources */ = {isa = PBXBuildFile; fileRef = 2589D32F1529F3510010E0B9 /* ResponseErrorTest.m */; };
		25ECF29E15405395005039CB /* AFisrtRemoveAll.m in Sources */ = {isa = PBXBuildFile; fileRef = 259297B9152B09C400B81BA4 /* AFisrtRemoveAll.m */; };
		25ECF2A315405396005039CB /* AFisrtRemoveAll.m in Sources */ = {isa = PBXBuildFile; fileRef = 259297B9152B09C400B81BA4 /* AFisrtRemoveAll.m */; };
		7ED1CC63158646E800EED5EA /* SitecoreMobileSDK.framework in Frameworks */ = {isa = PBXBuildFile; fileRef = 7ED1CC62158646E800EED5EA /* SitecoreMobileSDK.framework */; };
/* End PBXBuildFile section */

/* Begin PBXContainerItemProxy section */
		1B0D82B21519CD3C00EC4A92 /* PBXContainerItemProxy */ = {
			isa = PBXContainerItemProxy;
			containerPortal = 1B0D826D1519CD3B00EC4A92 /* SCAllMobileSDKLibs.xcodeproj */;
			proxyType = 2;
			remoteGlobalIDString = 1B33DD8F1518C5BC00EEA9BA;
			remoteInfo = SCAllMobileSDKLibs;
		};
		1B0D82C01519CD4900EC4A92 /* PBXContainerItemProxy */ = {
			isa = PBXContainerItemProxy;
			containerPortal = 1B0D826D1519CD3B00EC4A92 /* SCAllMobileSDKLibs.xcodeproj */;
			proxyType = 1;
			remoteGlobalIDString = 1B33DD8E1518C5BC00EEA9BA;
			remoteInfo = SCAllMobileSDKLibs;
		};
/* End PBXContainerItemProxy section */

/* Begin PBXFileReference section */
		06F800B2152D87E400770904 /* RenderingHTMLTest.m */ = {isa = PBXFileReference; fileEncoding = 4; lastKnownFileType = sourcecode.c.objc; path = RenderingHTMLTest.m; sourceTree = "<group>"; };
		1B097A481546CB8300370DF8 /* LanguageReaderPositiveTest.m */ = {isa = PBXFileReference; fileEncoding = 4; lastKnownFileType = sourcecode.c.objc; path = LanguageReaderPositiveTest.m; sourceTree = "<group>"; };
		1B097A4B1546CBDA00370DF8 /* CreateItemPositiveTest.m */ = {isa = PBXFileReference; fileEncoding = 4; lastKnownFileType = sourcecode.c.objc; path = CreateItemPositiveTest.m; sourceTree = "<group>"; };
		1B097A4E1546CC1700370DF8 /* AllNegativeItemsRemoveFirst.m */ = {isa = PBXFileReference; fileEncoding = 4; lastKnownFileType = sourcecode.c.objc; path = AllNegativeItemsRemoveFirst.m; sourceTree = "<group>"; };
		1B0D826D1519CD3B00EC4A92 /* SCAllMobileSDKLibs.xcodeproj */ = {isa = PBXFileReference; lastKnownFileType = "wrapper.pb-project"; name = SCAllMobileSDKLibs.xcodeproj; path = ../../../lib/SCAllMobileSDKLibs/SCAllMobileSDKLibs.xcodeproj; sourceTree = "<group>"; };
		1B11671714C6C5F6000AD289 /* AddressBook.framework */ = {isa = PBXFileReference; lastKnownFileType = wrapper.framework; name = AddressBook.framework; path = System/Library/Frameworks/AddressBook.framework; sourceTree = SDKROOT; };
		1B11671814C6C5F6000AD289 /* AddressBookUI.framework */ = {isa = PBXFileReference; lastKnownFileType = wrapper.framework; name = AddressBookUI.framework; path = System/Library/Frameworks/AddressBookUI.framework; sourceTree = SDKROOT; };
		1B11671914C6C5F6000AD289 /* CoreMotion.framework */ = {isa = PBXFileReference; lastKnownFileType = wrapper.framework; name = CoreMotion.framework; path = System/Library/Frameworks/CoreMotion.framework; sourceTree = SDKROOT; };
		1B11671A14C6C5F6000AD289 /* MessageUI.framework */ = {isa = PBXFileReference; lastKnownFileType = wrapper.framework; name = MessageUI.framework; path = System/Library/Frameworks/MessageUI.framework; sourceTree = SDKROOT; };
		1B11671B14C6C5F6000AD289 /* Twitter.framework */ = {isa = PBXFileReference; lastKnownFileType = wrapper.framework; name = Twitter.framework; path = System/Library/Frameworks/Twitter.framework; sourceTree = SDKROOT; };
		1B11672114C6C60F000AD289 /* AudioToolbox.framework */ = {isa = PBXFileReference; lastKnownFileType = wrapper.framework; name = AudioToolbox.framework; path = System/Library/Frameworks/AudioToolbox.framework; sourceTree = SDKROOT; };
		1B33953615663B0B00E935E9 /* libc++.dylib */ = {isa = PBXFileReference; lastKnownFileType = "compiled.mach-o.dylib"; name = "libc++.dylib"; path = "usr/lib/libc++.dylib"; sourceTree = SDKROOT; };
		1B33956015663E3400E935E9 /* GHUnitIOS.framework */ = {isa = PBXFileReference; lastKnownFileType = wrapper.framework; name = GHUnitIOS.framework; path = ../../../frameworks/GHUnitIOS.framework; sourceTree = "<group>"; };
		1B7AC4B01491036300DDD31D /* SCGlobalSettings.h */ = {isa = PBXFileReference; fileEncoding = 4; lastKnownFileType = sourcecode.c.h; path = SCGlobalSettings.h; sourceTree = "<group>"; };
		1B7AC4B11491036300DDD31D /* SCGlobalSettings.m */ = {isa = PBXFileReference; fileEncoding = 4; lastKnownFileType = sourcecode.c.objc; path = SCGlobalSettings.m; sourceTree = "<group>"; };
		1B925B9C14615C7D00C9FC49 /* SCApiTest.app */ = {isa = PBXFileReference; explicitFileType = wrapper.application; includeInIndex = 0; path = SCApiTest.app; sourceTree = BUILT_PRODUCTS_DIR; };
		1B925BA014615C7D00C9FC49 /* UIKit.framework */ = {isa = PBXFileReference; lastKnownFileType = wrapper.framework; name = UIKit.framework; path = System/Library/Frameworks/UIKit.framework; sourceTree = SDKROOT; };
		1B925BA214615C7D00C9FC49 /* Foundation.framework */ = {isa = PBXFileReference; lastKnownFileType = wrapper.framework; name = Foundation.framework; path = System/Library/Frameworks/Foundation.framework; sourceTree = SDKROOT; };
		1B925BA414615C7D00C9FC49 /* CoreGraphics.framework */ = {isa = PBXFileReference; lastKnownFileType = wrapper.framework; name = CoreGraphics.framework; path = System/Library/Frameworks/CoreGraphics.framework; sourceTree = SDKROOT; };
		1B925BA814615C7E00C9FC49 /* SCApiTest-Info.plist */ = {isa = PBXFileReference; lastKnownFileType = text.plist.xml; path = "SCApiTest-Info.plist"; sourceTree = "<group>"; };
		1B925BAA14615C7E00C9FC49 /* en */ = {isa = PBXFileReference; lastKnownFileType = text.plist.strings; name = en; path = en.lproj/InfoPlist.strings; sourceTree = "<group>"; };
		1B925BAC14615C7E00C9FC49 /* main.m */ = {isa = PBXFileReference; lastKnownFileType = sourcecode.c.objc; path = main.m; sourceTree = "<group>"; };
		1B925BAE14615C7E00C9FC49 /* SCApiTest-Prefix.pch */ = {isa = PBXFileReference; lastKnownFileType = sourcecode.c.h; path = "SCApiTest-Prefix.pch"; sourceTree = "<group>"; };
		1B925CBB1461610900C9FC49 /* libz.dylib */ = {isa = PBXFileReference; lastKnownFileType = "compiled.mach-o.dylib"; name = libz.dylib; path = usr/lib/libz.dylib; sourceTree = SDKROOT; };
		1B925CBD1461611200C9FC49 /* libsqlite3.dylib */ = {isa = PBXFileReference; lastKnownFileType = "compiled.mach-o.dylib"; name = libsqlite3.dylib; path = usr/lib/libsqlite3.dylib; sourceTree = SDKROOT; };
		1B925CBF1461611B00C9FC49 /* CFNetwork.framework */ = {isa = PBXFileReference; lastKnownFileType = wrapper.framework; name = CFNetwork.framework; path = System/Library/Frameworks/CFNetwork.framework; sourceTree = SDKROOT; };
		1B925CC11461612900C9FC49 /* libxml2.dylib */ = {isa = PBXFileReference; lastKnownFileType = "compiled.mach-o.dylib"; name = libxml2.dylib; path = usr/lib/libxml2.dylib; sourceTree = SDKROOT; };
		1B925D6914616B3C00C9FC49 /* SCMockWebServer.h */ = {isa = PBXFileReference; fileEncoding = 4; lastKnownFileType = sourcecode.c.h; path = SCMockWebServer.h; sourceTree = "<group>"; };
		1B925D6A14616B3C00C9FC49 /* SCMockWebServer.m */ = {isa = PBXFileReference; fileEncoding = 4; lastKnownFileType = sourcecode.c.objc; path = SCMockWebServer.m; sourceTree = "<group>"; };
		1B925D6C14616E6B00C9FC49 /* auth.xml */ = {isa = PBXFileReference; fileEncoding = 4; lastKnownFileType = text.xml; path = auth.xml; sourceTree = "<group>"; };
		1B925D9B146197FF00C9FC49 /* SCAsyncTestCase.h */ = {isa = PBXFileReference; fileEncoding = 4; lastKnownFileType = sourcecode.c.h; path = SCAsyncTestCase.h; sourceTree = "<group>"; };
		1B925D9C146197FF00C9FC49 /* SCAsyncTestCase.m */ = {isa = PBXFileReference; fileEncoding = 4; lastKnownFileType = sourcecode.c.objc; path = SCAsyncTestCase.m; sourceTree = "<group>"; };
		1BBCABEB1510E87600199B37 /* AVFoundation.framework */ = {isa = PBXFileReference; lastKnownFileType = wrapper.framework; name = AVFoundation.framework; path = System/Library/Frameworks/AVFoundation.framework; sourceTree = SDKROOT; };
		1BBCABEC1510E87600199B37 /* CoreMedia.framework */ = {isa = PBXFileReference; lastKnownFileType = wrapper.framework; name = CoreMedia.framework; path = System/Library/Frameworks/CoreMedia.framework; sourceTree = SDKROOT; };
		1BBCABED1510E87600199B37 /* CoreVideo.framework */ = {isa = PBXFileReference; lastKnownFileType = wrapper.framework; name = CoreVideo.framework; path = System/Library/Frameworks/CoreVideo.framework; sourceTree = SDKROOT; };
		1BBCABEE1510E87600199B37 /* libiconv.dylib */ = {isa = PBXFileReference; lastKnownFileType = "compiled.mach-o.dylib"; name = libiconv.dylib; path = usr/lib/libiconv.dylib; sourceTree = SDKROOT; };
		1BC086BA147BA5A50066CFB3 /* GHUnitIOS.framework */ = {isa = PBXFileReference; lastKnownFileType = wrapper.framework; name = GHUnitIOS.framework; path = ../../../frameworks/GHUnitIOS.framework; sourceTree = "<group>"; };
		1BCC93901511E11B00271BFD /* SCApiTest copy.app */ = {isa = PBXFileReference; explicitFileType = wrapper.application; includeInIndex = 0; path = "SCApiTest copy.app"; sourceTree = BUILT_PRODUCTS_DIR; };
		1BD6A9D01518CAA100D2FC84 /* CoreLocation.framework */ = {isa = PBXFileReference; lastKnownFileType = wrapper.framework; name = CoreLocation.framework; path = System/Library/Frameworks/CoreLocation.framework; sourceTree = SDKROOT; };
		1BD6A9D21518CAC300D2FC84 /* MapKit.framework */ = {isa = PBXFileReference; lastKnownFileType = wrapper.framework; name = MapKit.framework; path = System/Library/Frameworks/MapKit.framework; sourceTree = SDKROOT; };
		1BF4D958156680AE007D8CBF /* libstdc++.dylib */ = {isa = PBXFileReference; lastKnownFileType = "compiled.mach-o.dylib"; name = "libstdc++.dylib"; path = "usr/lib/libstdc++.dylib"; sourceTree = SDKROOT; };
		251C3DA215246DA000E7AE0D /* EditItemTest.m */ = {isa = PBXFileReference; fileEncoding = 4; lastKnownFileType = sourcecode.c.objc; path = EditItemTest.m; sourceTree = "<group>"; };
		251C3DA515246DBE00E7AE0D /* UploadMediaTest.m */ = {isa = PBXFileReference; fileEncoding = 4; lastKnownFileType = sourcecode.c.objc; path = UploadMediaTest.m; sourceTree = "<group>"; };
		2560DB5D1532DECA0096DC59 /* large_image.jpg */ = {isa = PBXFileReference; lastKnownFileType = image.jpeg; path = large_image.jpg; sourceTree = "<group>"; };
		2589D144152994CA0010E0B9 /* CreateItemNegativeTest.m */ = {isa = PBXFileReference; fileEncoding = 4; lastKnownFileType = sourcecode.c.objc; name = CreateItemNegativeTest.m; path = ../CreateEditDeleteItemTest/CreateItemNegativeTest.m; sourceTree = "<group>"; };
		2589D3131529F3370010E0B9 /* ReadFieldsWithAuth.m */ = {isa = PBXFileReference; fileEncoding = 4; lastKnownFileType = sourcecode.c.objc; path = ReadFieldsWithAuth.m; sourceTree = "<group>"; };
		2589D3141529F3370010E0B9 /* ReadItemsCPTestAuth.m */ = {isa = PBXFileReference; fileEncoding = 4; lastKnownFileType = sourcecode.c.objc; path = ReadItemsCPTestAuth.m; sourceTree = "<group>"; };
		2589D3151529F3370010E0B9 /* ReadItemsCTestAuth.m */ = {isa = PBXFileReference; fileEncoding = 4; lastKnownFileType = sourcecode.c.objc; path = ReadItemsCTestAuth.m; sourceTree = "<group>"; };
		2589D3161529F3370010E0B9 /* ReadItemsPTestAuth.m */ = {isa = PBXFileReference; fileEncoding = 4; lastKnownFileType = sourcecode.c.objc; path = ReadItemsPTestAuth.m; sourceTree = "<group>"; };
		2589D3171529F3370010E0B9 /* REadItemsSCPTestAuth.m */ = {isa = PBXFileReference; fileEncoding = 4; lastKnownFileType = sourcecode.c.objc; path = REadItemsSCPTestAuth.m; sourceTree = "<group>"; };
		2589D3181529F3370010E0B9 /* ReadItemsSCTestAuth.m */ = {isa = PBXFileReference; fileEncoding = 4; lastKnownFileType = sourcecode.c.objc; path = ReadItemsSCTestAuth.m; sourceTree = "<group>"; };
		2589D3191529F3370010E0B9 /* ReadItemsSPTestAuth.m */ = {isa = PBXFileReference; fileEncoding = 4; lastKnownFileType = sourcecode.c.objc; path = ReadItemsSPTestAuth.m; sourceTree = "<group>"; };
		2589D31A1529F3370010E0B9 /* ReadItemsSTestAuth.m */ = {isa = PBXFileReference; fileEncoding = 4; lastKnownFileType = sourcecode.c.objc; path = ReadItemsSTestAuth.m; sourceTree = "<group>"; };
		2589D3241529F3420010E0B9 /* ReadItemsCacheTest.mm */ = {isa = PBXFileReference; fileEncoding = 4; lastKnownFileType = sourcecode.cpp.objcpp; path = ReadItemsCacheTest.mm; sourceTree = "<group>"; };
		2589D3251529F3420010E0B9 /* ReadItemsIgnoreCacheTest.m */ = {isa = PBXFileReference; fileEncoding = 4; lastKnownFileType = sourcecode.c.objc; path = ReadItemsIgnoreCacheTest.m; sourceTree = "<group>"; };
		2589D3291529F3510010E0B9 /* AuthErrorTest.m */ = {isa = PBXFileReference; fileEncoding = 4; lastKnownFileType = sourcecode.c.objc; path = AuthErrorTest.m; sourceTree = "<group>"; };
		2589D32A1529F3510010E0B9 /* FieldsErrorTest.m */ = {isa = PBXFileReference; fileEncoding = 4; lastKnownFileType = sourcecode.c.objc; path = FieldsErrorTest.m; sourceTree = "<group>"; };
		2589D32B1529F3510010E0B9 /* InvalidPathErrorTest.m */ = {isa = PBXFileReference; fileEncoding = 4; lastKnownFileType = sourcecode.c.objc; path = InvalidPathErrorTest.m; sourceTree = "<group>"; };
		2589D32C1529F3510010E0B9 /* InvalidRequestErrorTest.m */ = {isa = PBXFileReference; fileEncoding = 4; lastKnownFileType = sourcecode.c.objc; path = InvalidRequestErrorTest.m; sourceTree = "<group>"; };
		2589D32D1529F3510010E0B9 /* NoItemErrorTest.m */ = {isa = PBXFileReference; fileEncoding = 4; lastKnownFileType = sourcecode.c.objc; path = NoItemErrorTest.m; sourceTree = "<group>"; };
		2589D32E1529F3510010E0B9 /* NoItemFieldErrorTest.m */ = {isa = PBXFileReference; fileEncoding = 4; lastKnownFileType = sourcecode.c.objc; path = NoItemFieldErrorTest.m; sourceTree = "<group>"; };
		2589D32F1529F3510010E0B9 /* ResponseErrorTest.m */ = {isa = PBXFileReference; fileEncoding = 4; lastKnownFileType = sourcecode.c.objc; path = ResponseErrorTest.m; sourceTree = "<group>"; };
		2589D3381529F35B0010E0B9 /* GetFieldFromItemTest.m */ = {isa = PBXFileReference; fileEncoding = 4; lastKnownFileType = sourcecode.c.objc; path = GetFieldFromItemTest.m; sourceTree = "<group>"; };
		2589D3391529F35B0010E0B9 /* GetFieldsFromItemReaderTest.m */ = {isa = PBXFileReference; fileEncoding = 4; lastKnownFileType = sourcecode.c.objc; path = GetFieldsFromItemReaderTest.m; sourceTree = "<group>"; };
		2589D33A1529F35B0010E0B9 /* GetFieldValueFromFieldTest.m */ = {isa = PBXFileReference; fileEncoding = 4; lastKnownFileType = sourcecode.c.objc; path = GetFieldValueFromFieldTest.m; sourceTree = "<group>"; };
		2589D33B1529F35B0010E0B9 /* ReadFieldsWithSecurityTest.m */ = {isa = PBXFileReference; fileEncoding = 4; lastKnownFileType = sourcecode.c.objc; path = ReadFieldsWithSecurityTest.m; sourceTree = "<group>"; };
		2589D3411529F3630010E0B9 /* LanguageReaderNegativeTest.m */ = {isa = PBXFileReference; fileEncoding = 4; lastKnownFileType = sourcecode.c.objc; path = LanguageReaderNegativeTest.m; sourceTree = "<group>"; };
		2589D3461529F3690010E0B9 /* PagingItemsTest.m */ = {isa = PBXFileReference; fileEncoding = 4; lastKnownFileType = sourcecode.c.objc; path = PagingItemsTest.m; sourceTree = "<group>"; };
		2589D3471529F3690010E0B9 /* ReadPagingItemsAuthTest.m */ = {isa = PBXFileReference; fileEncoding = 4; lastKnownFileType = sourcecode.c.objc; path = ReadPagingItemsAuthTest.m; sourceTree = "<group>"; };
		2589D34C1529F36F0010E0B9 /* ReadItemsCPTest.m */ = {isa = PBXFileReference; fileEncoding = 4; lastKnownFileType = sourcecode.c.objc; path = ReadItemsCPTest.m; sourceTree = "<group>"; };
		2589D34D1529F36F0010E0B9 /* ReadItemsCTest.m */ = {isa = PBXFileReference; fileEncoding = 4; lastKnownFileType = sourcecode.c.objc; path = ReadItemsCTest.m; sourceTree = "<group>"; };
		2589D34E1529F36F0010E0B9 /* ReadItemsPTest.m */ = {isa = PBXFileReference; fileEncoding = 4; lastKnownFileType = sourcecode.c.objc; path = ReadItemsPTest.m; sourceTree = "<group>"; };
		2589D34F1529F36F0010E0B9 /* ReadItemsSCPTest.m */ = {isa = PBXFileReference; fileEncoding = 4; lastKnownFileType = sourcecode.c.objc; path = ReadItemsSCPTest.m; sourceTree = "<group>"; };
		2589D3501529F36F0010E0B9 /* ReadItemsSCTest.m */ = {isa = PBXFileReference; fileEncoding = 4; lastKnownFileType = sourcecode.c.objc; path = ReadItemsSCTest.m; sourceTree = "<group>"; };
		2589D3511529F36F0010E0B9 /* ReadItemsSPTest.m */ = {isa = PBXFileReference; fileEncoding = 4; lastKnownFileType = sourcecode.c.objc; path = ReadItemsSPTest.m; sourceTree = "<group>"; };
		2589D3521529F36F0010E0B9 /* ReadItemsSTest.m */ = {isa = PBXFileReference; fileEncoding = 4; lastKnownFileType = sourcecode.c.objc; path = ReadItemsSTest.m; sourceTree = "<group>"; };
		2589D3531529F36F0010E0B9 /* ReadItemsTest.m */ = {isa = PBXFileReference; fileEncoding = 4; lastKnownFileType = sourcecode.c.objc; path = ReadItemsTest.m; sourceTree = "<group>"; };
		2589D3541529F36F0010E0B9 /* ReadItemsWithQueryTest.m */ = {isa = PBXFileReference; fileEncoding = 4; lastKnownFileType = sourcecode.c.objc; path = ReadItemsWithQueryTest.m; sourceTree = "<group>"; };
		2589D3551529F36F0010E0B9 /* RootBranchReadItemTest.m */ = {isa = PBXFileReference; fileEncoding = 4; lastKnownFileType = sourcecode.c.objc; path = RootBranchReadItemTest.m; sourceTree = "<group>"; };
		2589D3611529F46D0010E0B9 /* DeleteAllItems.m */ = {isa = PBXFileReference; fileEncoding = 4; lastKnownFileType = sourcecode.c.objc; path = DeleteAllItems.m; sourceTree = "<group>"; };
		258A14F514E537E600DA4DE5 /* auto tests.png */ = {isa = PBXFileReference; lastKnownFileType = image.png; path = "auto tests.png"; sourceTree = "<group>"; };
		258A920C1532C67700EBD05A /* UploadMediaNegativeTest.m */ = {isa = PBXFileReference; fileEncoding = 4; lastKnownFileType = sourcecode.c.objc; path = UploadMediaNegativeTest.m; sourceTree = "<group>"; };
		258C773F152DBBA400B81592 /* EditItemNegativeTest.m */ = {isa = PBXFileReference; fileEncoding = 4; lastKnownFileType = sourcecode.c.objc; path = EditItemNegativeTest.m; sourceTree = "<group>"; };
		258F6E661525A50000A0E959 /* DeleteItemTest.m */ = {isa = PBXFileReference; fileEncoding = 4; lastKnownFileType = sourcecode.c.objc; path = DeleteItemTest.m; sourceTree = "<group>"; };
		259297B9152B09C400B81BA4 /* AFisrtRemoveAll.m */ = {isa = PBXFileReference; fileEncoding = 4; lastKnownFileType = sourcecode.c.objc; path = AFisrtRemoveAll.m; sourceTree = "<group>"; };
		25A35038152D826B00EAE653 /* RemoveAllNegativeTests.m */ = {isa = PBXFileReference; fileEncoding = 4; lastKnownFileType = sourcecode.c.objc; path = RemoveAllNegativeTests.m; sourceTree = "<group>"; };
		7ED1CC62158646E800EED5EA /* SitecoreMobileSDK.framework */ = {isa = PBXFileReference; lastKnownFileType = wrapper.framework; name = SitecoreMobileSDK.framework; path = ../../../deployment/SitecoreMobileSDK.framework; sourceTree = "<group>"; };
/* End PBXFileReference section */

/* Begin PBXFrameworksBuildPhase section */
		1B925B9914615C7D00C9FC49 /* Frameworks */ = {
			isa = PBXFrameworksBuildPhase;
			buildActionMask = 2147483647;
			files = (
				1B33953715663B0B00E935E9 /* libc++.dylib in Frameworks */,
				1BD6A9D31518CAC300D2FC84 /* MapKit.framework in Frameworks */,
				1BD6A9D11518CAA100D2FC84 /* CoreLocation.framework in Frameworks */,
				1BBCABEF1510E87600199B37 /* AVFoundation.framework in Frameworks */,
				1BBCABF01510E87600199B37 /* CoreMedia.framework in Frameworks */,
				1BBCABF11510E87600199B37 /* CoreVideo.framework in Frameworks */,
				1BBCABF21510E87600199B37 /* libiconv.dylib in Frameworks */,
				1B11672214C6C60F000AD289 /* AudioToolbox.framework in Frameworks */,
				1B11671C14C6C5F6000AD289 /* AddressBook.framework in Frameworks */,
				1B11671D14C6C5F6000AD289 /* AddressBookUI.framework in Frameworks */,
				1B11671E14C6C5F6000AD289 /* CoreMotion.framework in Frameworks */,
				1B11671F14C6C5F6000AD289 /* MessageUI.framework in Frameworks */,
				1B11672014C6C5F6000AD289 /* Twitter.framework in Frameworks */,
				1B925CC21461612900C9FC49 /* libxml2.dylib in Frameworks */,
				1B925CC01461611B00C9FC49 /* CFNetwork.framework in Frameworks */,
				1B925CBE1461611200C9FC49 /* libsqlite3.dylib in Frameworks */,
				1B925CBC1461610900C9FC49 /* libz.dylib in Frameworks */,
				1B925BA114615C7D00C9FC49 /* UIKit.framework in Frameworks */,
				1B925BA314615C7D00C9FC49 /* Foundation.framework in Frameworks */,
				1B925BA514615C7D00C9FC49 /* CoreGraphics.framework in Frameworks */,
				1BC086BB147BA5A50066CFB3 /* GHUnitIOS.framework in Frameworks */,
				1B33956115663E3400E935E9 /* GHUnitIOS.framework in Frameworks */,
				7ED1CC63158646E800EED5EA /* SitecoreMobileSDK.framework in Frameworks */,
			);
			runOnlyForDeploymentPostprocessing = 0;
		};
		1BCC93351511E11B00271BFD /* Frameworks */ = {
			isa = PBXFrameworksBuildPhase;
			buildActionMask = 2147483647;
			files = (
				1BF4D970156680F6007D8CBF /* libc++.dylib in Frameworks */,
				1BF4D959156680AE007D8CBF /* libstdc++.dylib in Frameworks */,
				1B0D82C41519CDB400EC4A92 /* CoreLocation.framework in Frameworks */,
				1B0D82C31519CD9C00EC4A92 /* MapKit.framework in Frameworks */,
				1B0D82C21519CD8100EC4A92 /* libSCAllMobileSDKLibs.a in Frameworks */,
				1BCC93361511E11B00271BFD /* AVFoundation.framework in Frameworks */,
				1BCC93371511E11B00271BFD /* CoreMedia.framework in Frameworks */,
				1BCC93381511E11B00271BFD /* CoreVideo.framework in Frameworks */,
				1BCC93391511E11B00271BFD /* libiconv.dylib in Frameworks */,
				1BCC933B1511E11B00271BFD /* AudioToolbox.framework in Frameworks */,
				1BCC933C1511E11B00271BFD /* AddressBook.framework in Frameworks */,
				1BCC933D1511E11B00271BFD /* AddressBookUI.framework in Frameworks */,
				1BCC933E1511E11B00271BFD /* CoreMotion.framework in Frameworks */,
				1BCC933F1511E11B00271BFD /* MessageUI.framework in Frameworks */,
				1BCC93401511E11B00271BFD /* Twitter.framework in Frameworks */,
				1BCC93411511E11B00271BFD /* libxml2.dylib in Frameworks */,
				1BCC93421511E11B00271BFD /* CFNetwork.framework in Frameworks */,
				1BCC93431511E11B00271BFD /* libsqlite3.dylib in Frameworks */,
				1BCC93441511E11B00271BFD /* libz.dylib in Frameworks */,
				1BCC93451511E11B00271BFD /* UIKit.framework in Frameworks */,
				1BCC93461511E11B00271BFD /* Foundation.framework in Frameworks */,
				1BCC93471511E11B00271BFD /* CoreGraphics.framework in Frameworks */,
				1BCC93481511E11B00271BFD /* GHUnitIOS.framework in Frameworks */,
				1B33956215663E3400E935E9 /* GHUnitIOS.framework in Frameworks */,
			);
			runOnlyForDeploymentPostprocessing = 0;
		};
/* End PBXFrameworksBuildPhase section */

/* Begin PBXGroup section */
		06F800B1152D87B400770904 /* RenderingHTML */ = {
			isa = PBXGroup;
			children = (
				06F800B2152D87E400770904 /* RenderingHTMLTest.m */,
			);
			name = RenderingHTML;
			sourceTree = "<group>";
		};
		1B0D826E1519CD3B00EC4A92 /* Products */ = {
			isa = PBXGroup;
			children = (
				1B0D82B31519CD3C00EC4A92 /* libSCAllMobileSDKLibs.a */,
			);
			name = Products;
			sourceTree = "<group>";
		};
		1B925B9114615C7D00C9FC49 = {
			isa = PBXGroup;
			children = (
				258A14F514E537E600DA4DE5 /* auto tests.png */,
				2560DB5D1532DECA0096DC59 /* large_image.jpg */,
				1B925D5114616AA400C9FC49 /* HttpServer */,
				1B925D5214616AA400C9FC49 /* Resources */,
				1B925BA614615C7E00C9FC49 /* SCApiTest */,
				1B925C8A146160B300C9FC49 /* Dependencies */,
				1B925B9F14615C7D00C9FC49 /* Frameworks */,
				1B925B9D14615C7D00C9FC49 /* Products */,
			);
			sourceTree = "<group>";
		};
		1B925B9D14615C7D00C9FC49 /* Products */ = {
			isa = PBXGroup;
			children = (
				1B925B9C14615C7D00C9FC49 /* SCApiTest.app */,
				1BCC93901511E11B00271BFD /* SCApiTest copy.app */,
			);
			name = Products;
			sourceTree = "<group>";
		};
		1B925B9F14615C7D00C9FC49 /* Frameworks */ = {
			isa = PBXGroup;
			children = (
				7ED1CC62158646E800EED5EA /* SitecoreMobileSDK.framework */,
				1BF4D958156680AE007D8CBF /* libstdc++.dylib */,
				1B33956015663E3400E935E9 /* GHUnitIOS.framework */,
				1B33953615663B0B00E935E9 /* libc++.dylib */,
				1BD6A9D21518CAC300D2FC84 /* MapKit.framework */,
				1BD6A9D01518CAA100D2FC84 /* CoreLocation.framework */,
				1BBCABEB1510E87600199B37 /* AVFoundation.framework */,
				1BBCABEC1510E87600199B37 /* CoreMedia.framework */,
				1BBCABED1510E87600199B37 /* CoreVideo.framework */,
				1BBCABEE1510E87600199B37 /* libiconv.dylib */,
				1B11672114C6C60F000AD289 /* AudioToolbox.framework */,
				1B11671714C6C5F6000AD289 /* AddressBook.framework */,
				1B11671814C6C5F6000AD289 /* AddressBookUI.framework */,
				1B11671914C6C5F6000AD289 /* CoreMotion.framework */,
				1B11671A14C6C5F6000AD289 /* MessageUI.framework */,
				1B11671B14C6C5F6000AD289 /* Twitter.framework */,
				1BC086BA147BA5A50066CFB3 /* GHUnitIOS.framework */,
				1B925CBF1461611B00C9FC49 /* CFNetwork.framework */,
				1B925CC11461612900C9FC49 /* libxml2.dylib */,
				1B925CBD1461611200C9FC49 /* libsqlite3.dylib */,
				1B925CBB1461610900C9FC49 /* libz.dylib */,
				1B925BA014615C7D00C9FC49 /* UIKit.framework */,
				1B925BA214615C7D00C9FC49 /* Foundation.framework */,
				1B925BA414615C7D00C9FC49 /* CoreGraphics.framework */,
			);
			name = Frameworks;
			sourceTree = "<group>";
		};
		1B925BA614615C7E00C9FC49 /* SCApiTest */ = {
			isa = PBXGroup;
			children = (
				06F800B1152D87B400770904 /* RenderingHTML */,
				2589D34A1529F36F0010E0B9 /* TestsTable */,
				2589D3451529F3690010E0B9 /* PagingItemsTest */,
				2589D3401529F3630010E0B9 /* LanguagesTest */,
				2589D3371529F35B0010E0B9 /* FieldsReaderTest */,
				2589D3281529F3510010E0B9 /* ErrorsTest */,
				2589D3231529F3420010E0B9 /* Cache */,
				2589D3121529F3370010E0B9 /* AuthenticationTest */,
				251C3D9B15246CEB00E7AE0D /* CreateEditDeleteItemTest */,
				1B925D9A146197F200C9FC49 /* Details */,
				1B925BA714615C7E00C9FC49 /* Supporting Files */,
				1B7AC4B01491036300DDD31D /* SCGlobalSettings.h */,
				1B7AC4B11491036300DDD31D /* SCGlobalSettings.m */,
			);
			path = SCApiTest;
			sourceTree = "<group>";
		};
		1B925BA714615C7E00C9FC49 /* Supporting Files */ = {
			isa = PBXGroup;
			children = (
				1B925BA814615C7E00C9FC49 /* SCApiTest-Info.plist */,
				1B925BA914615C7E00C9FC49 /* InfoPlist.strings */,
				1B925BAC14615C7E00C9FC49 /* main.m */,
				1B925BAE14615C7E00C9FC49 /* SCApiTest-Prefix.pch */,
			);
			name = "Supporting Files";
			sourceTree = "<group>";
		};
		1B925C8A146160B300C9FC49 /* Dependencies */ = {
			isa = PBXGroup;
			children = (
				1B0D826D1519CD3B00EC4A92 /* SCAllMobileSDKLibs.xcodeproj */,
			);
			name = Dependencies;
			sourceTree = "<group>";
		};
		1B925D5114616AA400C9FC49 /* HttpServer */ = {
			isa = PBXGroup;
			children = (
				1B925D6914616B3C00C9FC49 /* SCMockWebServer.h */,
				1B925D6A14616B3C00C9FC49 /* SCMockWebServer.m */,
			);
			path = HttpServer;
			sourceTree = "<group>";
		};
		1B925D5214616AA400C9FC49 /* Resources */ = {
			isa = PBXGroup;
			children = (
				1B925D6C14616E6B00C9FC49 /* auth.xml */,
			);
			path = Resources;
			sourceTree = "<group>";
		};
		1B925D9A146197F200C9FC49 /* Details */ = {
			isa = PBXGroup;
			children = (
				1B925D9B146197FF00C9FC49 /* SCAsyncTestCase.h */,
				1B925D9C146197FF00C9FC49 /* SCAsyncTestCase.m */,
			);
			path = Details;
			sourceTree = "<group>";
		};
		251C3D9B15246CEB00E7AE0D /* CreateEditDeleteItemTest */ = {
			isa = PBXGroup;
			children = (
				1B097A4B1546CBDA00370DF8 /* CreateItemPositiveTest.m */,
				259297B9152B09C400B81BA4 /* AFisrtRemoveAll.m */,
				251C3DA215246DA000E7AE0D /* EditItemTest.m */,
				251C3DA515246DBE00E7AE0D /* UploadMediaTest.m */,
				258F6E661525A50000A0E959 /* DeleteItemTest.m */,
				2589D3611529F46D0010E0B9 /* DeleteAllItems.m */,
			);
			path = CreateEditDeleteItemTest;
			sourceTree = "<group>";
		};
		2589D3121529F3370010E0B9 /* AuthenticationTest */ = {
			isa = PBXGroup;
			children = (
				2589D3131529F3370010E0B9 /* ReadFieldsWithAuth.m */,
				2589D3141529F3370010E0B9 /* ReadItemsCPTestAuth.m */,
				2589D3151529F3370010E0B9 /* ReadItemsCTestAuth.m */,
				2589D3161529F3370010E0B9 /* ReadItemsPTestAuth.m */,
				2589D3171529F3370010E0B9 /* REadItemsSCPTestAuth.m */,
				2589D3181529F3370010E0B9 /* ReadItemsSCTestAuth.m */,
				2589D3191529F3370010E0B9 /* ReadItemsSPTestAuth.m */,
				2589D31A1529F3370010E0B9 /* ReadItemsSTestAuth.m */,
			);
			path = AuthenticationTest;
			sourceTree = "<group>";
		};
		2589D3231529F3420010E0B9 /* Cache */ = {
			isa = PBXGroup;
			children = (
				2589D3241529F3420010E0B9 /* ReadItemsCacheTest.mm */,
				2589D3251529F3420010E0B9 /* ReadItemsIgnoreCacheTest.m */,
			);
			path = Cache;
			sourceTree = "<group>";
		};
		2589D3281529F3510010E0B9 /* ErrorsTest */ = {
			isa = PBXGroup;
			children = (
				2589D3291529F3510010E0B9 /* AuthErrorTest.m */,
				2589D32A1529F3510010E0B9 /* FieldsErrorTest.m */,
				2589D32B1529F3510010E0B9 /* InvalidPathErrorTest.m */,
				2589D32C1529F3510010E0B9 /* InvalidRequestErrorTest.m */,
				2589D32D1529F3510010E0B9 /* NoItemErrorTest.m */,
				2589D32E1529F3510010E0B9 /* NoItemFieldErrorTest.m */,
				2589D32F1529F3510010E0B9 /* ResponseErrorTest.m */,
				1B097A4E1546CC1700370DF8 /* AllNegativeItemsRemoveFirst.m */,
				2589D144152994CA0010E0B9 /* CreateItemNegativeTest.m */,
				258C773F152DBBA400B81592 /* EditItemNegativeTest.m */,
				258A920C1532C67700EBD05A /* UploadMediaNegativeTest.m */,
				25A35038152D826B00EAE653 /* RemoveAllNegativeTests.m */,
			);
			path = ErrorsTest;
			sourceTree = "<group>";
		};
		2589D3371529F35B0010E0B9 /* FieldsReaderTest */ = {
			isa = PBXGroup;
			children = (
				2589D3381529F35B0010E0B9 /* GetFieldFromItemTest.m */,
				2589D3391529F35B0010E0B9 /* GetFieldsFromItemReaderTest.m */,
				2589D33A1529F35B0010E0B9 /* GetFieldValueFromFieldTest.m */,
				2589D33B1529F35B0010E0B9 /* ReadFieldsWithSecurityTest.m */,
			);
			path = FieldsReaderTest;
			sourceTree = "<group>";
		};
		2589D3401529F3630010E0B9 /* LanguagesTest */ = {
			isa = PBXGroup;
			children = (
				1B097A481546CB8300370DF8 /* LanguageReaderPositiveTest.m */,
				2589D3411529F3630010E0B9 /* LanguageReaderNegativeTest.m */,
			);
			path = LanguagesTest;
			sourceTree = "<group>";
		};
		2589D3451529F3690010E0B9 /* PagingItemsTest */ = {
			isa = PBXGroup;
			children = (
				2589D3461529F3690010E0B9 /* PagingItemsTest.m */,
				2589D3471529F3690010E0B9 /* ReadPagingItemsAuthTest.m */,
			);
			path = PagingItemsTest;
			sourceTree = "<group>";
		};
		2589D34A1529F36F0010E0B9 /* TestsTable */ = {
			isa = PBXGroup;
			children = (
				2589D34C1529F36F0010E0B9 /* ReadItemsCPTest.m */,
				2589D34D1529F36F0010E0B9 /* ReadItemsCTest.m */,
				2589D34E1529F36F0010E0B9 /* ReadItemsPTest.m */,
				2589D34F1529F36F0010E0B9 /* ReadItemsSCPTest.m */,
				2589D3501529F36F0010E0B9 /* ReadItemsSCTest.m */,
				2589D3511529F36F0010E0B9 /* ReadItemsSPTest.m */,
				2589D3521529F36F0010E0B9 /* ReadItemsSTest.m */,
				2589D3531529F36F0010E0B9 /* ReadItemsTest.m */,
				2589D3541529F36F0010E0B9 /* ReadItemsWithQueryTest.m */,
				2589D3551529F36F0010E0B9 /* RootBranchReadItemTest.m */,
			);
			path = TestsTable;
			sourceTree = "<group>";
		};
/* End PBXGroup section */

/* Begin PBXNativeTarget section */
		1B925B9B14615C7D00C9FC49 /* SCApiTest */ = {
			isa = PBXNativeTarget;
			buildConfigurationList = 1B925BBA14615C7E00C9FC49 /* Build configuration list for PBXNativeTarget "SCApiTest" */;
			buildPhases = (
				1B925B9814615C7D00C9FC49 /* Sources */,
				1B925B9914615C7D00C9FC49 /* Frameworks */,
				1B925B9A14615C7D00C9FC49 /* Resources */,
			);
			buildRules = (
			);
			dependencies = (
			);
			name = SCApiTest;
			productName = SCApiTest;
			productReference = 1B925B9C14615C7D00C9FC49 /* SCApiTest.app */;
			productType = "com.apple.product-type.application";
		};
		1BCC930A1511E11B00271BFD /* SCApiTestLibs */ = {
			isa = PBXNativeTarget;
			buildConfigurationList = 1BCC938D1511E11B00271BFD /* Build configuration list for PBXNativeTarget "SCApiTestLibs" */;
			buildPhases = (
				1BCC930B1511E11B00271BFD /* Sources */,
				1BCC93351511E11B00271BFD /* Frameworks */,
				1BCC934A1511E11B00271BFD /* Resources */,
			);
			buildRules = (
			);
			dependencies = (
				1B0D82C11519CD4900EC4A92 /* PBXTargetDependency */,
			);
			name = SCApiTestLibs;
			productName = SCApiTest;
			productReference = 1BCC93901511E11B00271BFD /* SCApiTest copy.app */;
			productType = "com.apple.product-type.application";
		};
/* End PBXNativeTarget section */

/* Begin PBXProject section */
		1B925B9314615C7D00C9FC49 /* Project object */ = {
			isa = PBXProject;
			attributes = {
				LastUpgradeCheck = 0430;
			};
			buildConfigurationList = 1B925B9614615C7D00C9FC49 /* Build configuration list for PBXProject "SCApiTest" */;
			compatibilityVersion = "Xcode 3.2";
			developmentRegion = English;
			hasScannedForEncodings = 0;
			knownRegions = (
				en,
			);
			mainGroup = 1B925B9114615C7D00C9FC49;
			productRefGroup = 1B925B9D14615C7D00C9FC49 /* Products */;
			projectDirPath = "";
			projectReferences = (
				{
					ProductGroup = 1B0D826E1519CD3B00EC4A92 /* Products */;
					ProjectRef = 1B0D826D1519CD3B00EC4A92 /* SCAllMobileSDKLibs.xcodeproj */;
				},
			);
			projectRoot = "";
			targets = (
				1B925B9B14615C7D00C9FC49 /* SCApiTest */,
				1BCC930A1511E11B00271BFD /* SCApiTestLibs */,
			);
		};
/* End PBXProject section */

/* Begin PBXReferenceProxy section */
		1B0D82B31519CD3C00EC4A92 /* libSCAllMobileSDKLibs.a */ = {
			isa = PBXReferenceProxy;
			fileType = archive.ar;
			path = libSCAllMobileSDKLibs.a;
			remoteRef = 1B0D82B21519CD3C00EC4A92 /* PBXContainerItemProxy */;
			sourceTree = BUILT_PRODUCTS_DIR;
		};
/* End PBXReferenceProxy section */

/* Begin PBXResourcesBuildPhase section */
		1B925B9A14615C7D00C9FC49 /* Resources */ = {
			isa = PBXResourcesBuildPhase;
			buildActionMask = 2147483647;
			files = (
				1B925BAB14615C7E00C9FC49 /* InfoPlist.strings in Resources */,
				1B925D6D14616E6B00C9FC49 /* auth.xml in Resources */,
				258A14F614E537E600DA4DE5 /* auto tests.png in Resources */,
				2560DB5E1532DECA0096DC59 /* large_image.jpg in Resources */,
			);
			runOnlyForDeploymentPostprocessing = 0;
		};
		1BCC934A1511E11B00271BFD /* Resources */ = {
			isa = PBXResourcesBuildPhase;
			buildActionMask = 2147483647;
			files = (
				1BCC934B1511E11B00271BFD /* InfoPlist.strings in Resources */,
				1BCC934C1511E11B00271BFD /* auth.xml in Resources */,
				1BCC938C1511E11B00271BFD /* auto tests.png in Resources */,
				2560DB5F1532DECA0096DC59 /* large_image.jpg in Resources */,
			);
			runOnlyForDeploymentPostprocessing = 0;
		};
/* End PBXResourcesBuildPhase section */

/* Begin PBXSourcesBuildPhase section */
		1B925B9814615C7D00C9FC49 /* Sources */ = {
			isa = PBXSourcesBuildPhase;
			buildActionMask = 2147483647;
			files = (
				1B925BAD14615C7E00C9FC49 /* main.m in Sources */,
				1B925D9D146197FF00C9FC49 /* SCAsyncTestCase.m in Sources */,
				1B7AC4B21491036300DDD31D /* SCGlobalSettings.m in Sources */,
				25ECF29E15405395005039CB /* AFisrtRemoveAll.m in Sources */,
				25874189154556B100AC1430 /* DeleteItemTest.m in Sources */,
				2587418A154556B100AC1430 /* DeleteAllItems.m in Sources */,
				2587435115457BEE00AC1430 /* UploadMediaTest.m in Sources */,
				25835EB615468F450022D026 /* RemoveAllNegativeTests.m in Sources */,
				25835EB8154690370022D026 /* EditItemNegativeTest.m in Sources */,
				25835EBA154692F10022D026 /* EditItemTest.m in Sources */,
				25835EBC1546AD320022D026 /* RenderingHTMLTest.m in Sources */,
				25835EEB1546AD440022D026 /* UploadMediaNegativeTest.m in Sources */,
				1B097A4C1546CBDA00370DF8 /* CreateItemPositiveTest.m in Sources */,
				1B097A4F1546CC1700370DF8 /* AllNegativeItemsRemoveFirst.m in Sources */,
				259E66FF15481A35004D9E0F /* ReadItemsCPTest.m in Sources */,
				259E670015481A35004D9E0F /* ReadItemsCTest.m in Sources */,
				259E670115481A35004D9E0F /* ReadItemsPTest.m in Sources */,
				259E670215481A35004D9E0F /* ReadItemsSCPTest.m in Sources */,
				259E670315481A35004D9E0F /* ReadItemsSCTest.m in Sources */,
				259E670415481A35004D9E0F /* ReadItemsSPTest.m in Sources */,
				259E670515481A35004D9E0F /* ReadItemsSTest.m in Sources */,
				259E670615481A35004D9E0F /* ReadItemsTest.m in Sources */,
				259E670715481A35004D9E0F /* ReadItemsWithQueryTest.m in Sources */,
				259E670815481A35004D9E0F /* RootBranchReadItemTest.m in Sources */,
				259E670915482E08004D9E0F /* CreateItemNegativeTest.m in Sources */,
				259E67151548332A004D9E0F /* PagingItemsTest.m in Sources */,
				259E67161548332A004D9E0F /* ReadPagingItemsAuthTest.m in Sources */,
				259E671915483330004D9E0F /* LanguageReaderPositiveTest.m in Sources */,
				259E671A15483330004D9E0F /* LanguageReaderNegativeTest.m in Sources */,
				259E671D1548333C004D9E0F /* GetFieldFromItemTest.m in Sources */,
				259E671E1548333C004D9E0F /* GetFieldsFromItemReaderTest.m in Sources */,
				259E671F1548333C004D9E0F /* GetFieldValueFromFieldTest.m in Sources */,
				259E67201548333C004D9E0F /* ReadFieldsWithSecurityTest.m in Sources */,
				259E672515483341004D9E0F /* AuthErrorTest.m in Sources */,
				259E672615483341004D9E0F /* FieldsErrorTest.m in Sources */,
				259E672715483341004D9E0F /* InvalidPathErrorTest.m in Sources */,
				259E672815483341004D9E0F /* InvalidRequestErrorTest.m in Sources */,
				259E672915483341004D9E0F /* NoItemErrorTest.m in Sources */,
				259E672A15483341004D9E0F /* NoItemFieldErrorTest.m in Sources */,
				259E672B15483341004D9E0F /* ResponseErrorTest.m in Sources */,
				258B3FDF1566755400A2E8E8 /* ReadItemsCacheTest.mm in Sources */,
				258B3FE01566755400A2E8E8 /* ReadItemsIgnoreCacheTest.m in Sources */,
				258B3FE31566760D00A2E8E8 /* ReadFieldsWithAuth.m in Sources */,
				258B3FE41566760D00A2E8E8 /* ReadItemsCPTestAuth.m in Sources */,
				258B3FE51566760D00A2E8E8 /* ReadItemsCTestAuth.m in Sources */,
				258B3FE61566760D00A2E8E8 /* ReadItemsPTestAuth.m in Sources */,
				258B3FE71566760D00A2E8E8 /* REadItemsSCPTestAuth.m in Sources */,
				258B3FE81566760D00A2E8E8 /* ReadItemsSCTestAuth.m in Sources */,
				258B3FE91566760D00A2E8E8 /* ReadItemsSPTestAuth.m in Sources */,
				258B3FEA1566760D00A2E8E8 /* ReadItemsSTestAuth.m in Sources */,
			);
			runOnlyForDeploymentPostprocessing = 0;
		};
		1BCC930B1511E11B00271BFD /* Sources */ = {
			isa = PBXSourcesBuildPhase;
			buildActionMask = 2147483647;
			files = (
				1BCC930C1511E11B00271BFD /* main.m in Sources */,
				1BCC930D1511E11B00271BFD /* SCAsyncTestCase.m in Sources */,
				1BCC930E1511E11B00271BFD /* SCGlobalSettings.m in Sources */,
				25ECF2A315405396005039CB /* AFisrtRemoveAll.m in Sources */,
				2587418E154556B100AC1430 /* DeleteItemTest.m in Sources */,
				2587418F154556B100AC1430 /* DeleteAllItems.m in Sources */,
				2587435215457BEE00AC1430 /* UploadMediaTest.m in Sources */,
				25835EB715468F460022D026 /* RemoveAllNegativeTests.m in Sources */,
				25835EB9154690370022D026 /* EditItemNegativeTest.m in Sources */,
				25835EBB154692F20022D026 /* EditItemTest.m in Sources */,
				25835EBD1546AD320022D026 /* RenderingHTMLTest.m in Sources */,
				25835EF31546AD440022D026 /* UploadMediaNegativeTest.m in Sources */,
				1B097A4D1546CBDC00370DF8 /* CreateItemPositiveTest.m in Sources */,
				1B097A501546CC1A00370DF8 /* AllNegativeItemsRemoveFirst.m in Sources */,
				259E670A15482E09004D9E0F /* CreateItemNegativeTest.m in Sources */,
				259E670B15483327004D9E0F /* ReadItemsCPTest.m in Sources */,
				259E670C15483327004D9E0F /* ReadItemsCTest.m in Sources */,
				259E670D15483327004D9E0F /* ReadItemsPTest.m in Sources */,
				259E670E15483327004D9E0F /* ReadItemsSCPTest.m in Sources */,
				259E670F15483327004D9E0F /* ReadItemsSCTest.m in Sources */,
				259E671015483327004D9E0F /* ReadItemsSPTest.m in Sources */,
				259E671115483327004D9E0F /* ReadItemsSTest.m in Sources */,
				259E671215483327004D9E0F /* ReadItemsTest.m in Sources */,
				259E671315483327004D9E0F /* ReadItemsWithQueryTest.m in Sources */,
				259E671415483327004D9E0F /* RootBranchReadItemTest.m in Sources */,
				259E67171548332A004D9E0F /* PagingItemsTest.m in Sources */,
				259E67181548332A004D9E0F /* ReadPagingItemsAuthTest.m in Sources */,
				259E671B15483330004D9E0F /* LanguageReaderPositiveTest.m in Sources */,
				259E671C15483330004D9E0F /* LanguageReaderNegativeTest.m in Sources */,
				259E67211548333C004D9E0F /* GetFieldFromItemTest.m in Sources */,
				259E67221548333C004D9E0F /* GetFieldsFromItemReaderTest.m in Sources */,
				259E67231548333C004D9E0F /* GetFieldValueFromFieldTest.m in Sources */,
				259E67241548333C004D9E0F /* ReadFieldsWithSecurityTest.m in Sources */,
				259E672C15483341004D9E0F /* AuthErrorTest.m in Sources */,
				259E672D15483341004D9E0F /* FieldsErrorTest.m in Sources */,
				259E672E15483341004D9E0F /* InvalidPathErrorTest.m in Sources */,
				259E672F15483341004D9E0F /* InvalidRequestErrorTest.m in Sources */,
				259E673015483341004D9E0F /* NoItemErrorTest.m in Sources */,
				259E673115483341004D9E0F /* NoItemFieldErrorTest.m in Sources */,
				259E673215483341004D9E0F /* ResponseErrorTest.m in Sources */,
				258B3FE11566755400A2E8E8 /* ReadItemsCacheTest.mm in Sources */,
				258B3FE21566755400A2E8E8 /* ReadItemsIgnoreCacheTest.m in Sources */,
				258B3FEB1566760D00A2E8E8 /* ReadFieldsWithAuth.m in Sources */,
				258B3FEC1566760D00A2E8E8 /* ReadItemsCPTestAuth.m in Sources */,
				258B3FED1566760D00A2E8E8 /* ReadItemsCTestAuth.m in Sources */,
				258B3FEE1566760D00A2E8E8 /* ReadItemsPTestAuth.m in Sources */,
				258B3FEF1566760D00A2E8E8 /* REadItemsSCPTestAuth.m in Sources */,
				258B3FF01566760D00A2E8E8 /* ReadItemsSCTestAuth.m in Sources */,
				258B3FF11566760D00A2E8E8 /* ReadItemsSPTestAuth.m in Sources */,
				258B3FF21566760D00A2E8E8 /* ReadItemsSTestAuth.m in Sources */,
			);
			runOnlyForDeploymentPostprocessing = 0;
		};
/* End PBXSourcesBuildPhase section */

/* Begin PBXTargetDependency section */
		1B0D82C11519CD4900EC4A92 /* PBXTargetDependency */ = {
			isa = PBXTargetDependency;
			name = SCAllMobileSDKLibs;
			targetProxy = 1B0D82C01519CD4900EC4A92 /* PBXContainerItemProxy */;
		};
/* End PBXTargetDependency section */

/* Begin PBXVariantGroup section */
		1B925BA914615C7E00C9FC49 /* InfoPlist.strings */ = {
			isa = PBXVariantGroup;
			children = (
				1B925BAA14615C7E00C9FC49 /* en */,
			);
			name = InfoPlist.strings;
			sourceTree = "<group>";
		};
/* End PBXVariantGroup section */

/* Begin XCBuildConfiguration section */
		1B925BB814615C7E00C9FC49 /* Debug */ = {
			isa = XCBuildConfiguration;
			buildSettings = {
				ALWAYS_SEARCH_USER_PATHS = NO;
				ARCHS = "$(ARCHS_STANDARD_32_BIT)";
				CLANG_ENABLE_OBJC_ARC = YES;
				"CODE_SIGN_IDENTITY[sdk=iphoneos*]" = "iPhone Developer: Владимир Горбенко (47T9HFDH53)";
				COPY_PHASE_STRIP = NO;
				GCC_DYNAMIC_NO_PIC = NO;
				GCC_OPTIMIZATION_LEVEL = 0;
				GCC_PREPROCESSOR_DEFINITIONS = (
					"DEBUG=1",
					"$(inherited)",
				);
				GCC_SYMBOLS_PRIVATE_EXTERN = NO;
				GCC_VERSION = com.apple.compilers.llvm.clang.1_0;
				GCC_WARN_ABOUT_MISSING_PROTOTYPES = YES;
				GCC_WARN_ABOUT_RETURN_TYPE = YES;
				GCC_WARN_UNUSED_VARIABLE = YES;
				HEADER_SEARCH_PATHS = (
					"../../../lib-third-party/JFFLibrary/lib",
					/usr/include/libxml2,
					"../../../lib-third-party/TouchXML/Source",
					../../../lib/SCApi,
					../../../lib/SCMonad,
					../../../lib/SCUtils,
				);
				IPHONEOS_DEPLOYMENT_TARGET = 5.0;
				OTHER_LDFLAGS = "-ObjC";
				"PROVISIONING_PROFILE[sdk=iphoneos*]" = "17B39461-CAD3-4777-ADA1-D763565D10C3";
				SDKROOT = iphoneos;
			};
			name = Debug;
		};
		1B925BB914615C7E00C9FC49 /* Release */ = {
			isa = XCBuildConfiguration;
			buildSettings = {
				ALWAYS_SEARCH_USER_PATHS = NO;
				ARCHS = "$(ARCHS_STANDARD_32_BIT)";
				CLANG_ENABLE_OBJC_ARC = YES;
				"CODE_SIGN_IDENTITY[sdk=iphoneos*]" = "iPhone Developer";
				COPY_PHASE_STRIP = YES;
				GCC_VERSION = com.apple.compilers.llvm.clang.1_0;
				GCC_WARN_ABOUT_MISSING_PROTOTYPES = YES;
				GCC_WARN_ABOUT_RETURN_TYPE = YES;
				GCC_WARN_UNUSED_VARIABLE = YES;
				HEADER_SEARCH_PATHS = (
					"../../../lib-third-party/JFFLibrary/lib",
					/usr/include/libxml2,
					"../../../lib-third-party/TouchXML/Source",
					../../../lib/SCApi,
					../../../lib/SCMonad,
					../../../lib/SCUtils,
				);
				IPHONEOS_DEPLOYMENT_TARGET = 5.0;
				OTHER_CFLAGS = "-DNS_BLOCK_ASSERTIONS=1";
				OTHER_LDFLAGS = "-ObjC";
				SDKROOT = iphoneos;
				VALIDATE_PRODUCT = YES;
			};
			name = Release;
		};
		1B925BBB14615C7E00C9FC49 /* Debug */ = {
			isa = XCBuildConfiguration;
			buildSettings = {
				FRAMEWORK_SEARCH_PATHS = (
					"$(inherited)",
					"\"$(SRCROOT)/../../../frameworks\"",
					"\"$(SRCROOT)/../../../deployment\"",
				);
				GCC_PRECOMPILE_PREFIX_HEADER = YES;
				GCC_PREFIX_HEADER = "SCApiTest/SCApiTest-Prefix.pch";
				INFOPLIST_FILE = "SCApiTest/SCApiTest-Info.plist";
				IPHONEOS_DEPLOYMENT_TARGET = 5.0;
				PRODUCT_NAME = "$(TARGET_NAME)";
				TARGETED_DEVICE_FAMILY = "1,2";
				USER_HEADER_SEARCH_PATHS = "/usr/include/libxml2 ../../lib-third-party/TouchXML/Source ../../lib/SCApi";
				WRAPPER_EXTENSION = app;
			};
			name = Debug;
		};
		1B925BBC14615C7E00C9FC49 /* Release */ = {
			isa = XCBuildConfiguration;
			buildSettings = {
				FRAMEWORK_SEARCH_PATHS = (
					"$(inherited)",
					"\"$(SRCROOT)/../../../frameworks\"",
					"\"$(SRCROOT)/../../../deployment\"",
				);
				GCC_PRECOMPILE_PREFIX_HEADER = YES;
				GCC_PREFIX_HEADER = "SCApiTest/SCApiTest-Prefix.pch";
				INFOPLIST_FILE = "SCApiTest/SCApiTest-Info.plist";
				IPHONEOS_DEPLOYMENT_TARGET = 5.0;
				PRODUCT_NAME = "$(TARGET_NAME)";
				TARGETED_DEVICE_FAMILY = "1,2";
				USER_HEADER_SEARCH_PATHS = "/usr/include/libxml2 ../../lib-third-party/TouchXML/Source ../../lib/SCApi";
				WRAPPER_EXTENSION = app;
			};
			name = Release;
		};
		1BCC938E1511E11B00271BFD /* Debug */ = {
			isa = XCBuildConfiguration;
			buildSettings = {
				FRAMEWORK_SEARCH_PATHS = (
					"$(inherited)",
					"\"$(SRCROOT)/../../../frameworks\"",
				);
				GCC_PRECOMPILE_PREFIX_HEADER = YES;
				GCC_PREFIX_HEADER = "SCApiTest/SCApiTest-Prefix.pch";
				INFOPLIST_FILE = "SCApiTest copy-Info.plist";
				IPHONEOS_DEPLOYMENT_TARGET = 5.0;
				PRODUCT_NAME = "SCApiTest copy";
				TARGETED_DEVICE_FAMILY = "1,2";
				USER_HEADER_SEARCH_PATHS = "/usr/include/libxml2 ../../lib-third-party/TouchXML/Source ../../lib/SCApi";
				WRAPPER_EXTENSION = app;
			};
			name = Debug;
		};
		1BCC938F1511E11B00271BFD /* Release */ = {
			isa = XCBuildConfiguration;
			buildSettings = {
				FRAMEWORK_SEARCH_PATHS = (
					"$(inherited)",
					"\"$(SRCROOT)/../../../frameworks\"",
				);
				GCC_PRECOMPILE_PREFIX_HEADER = YES;
				GCC_PREFIX_HEADER = "SCApiTest/SCApiTest-Prefix.pch";
				INFOPLIST_FILE = "SCApiTest copy-Info.plist";
				IPHONEOS_DEPLOYMENT_TARGET = 5.0;
				PRODUCT_NAME = "SCApiTest copy";
				TARGETED_DEVICE_FAMILY = "1,2";
				USER_HEADER_SEARCH_PATHS = "/usr/include/libxml2 ../../lib-third-party/TouchXML/Source ../../lib/SCApi";
				WRAPPER_EXTENSION = app;
			};
			name = Release;
		};
/* End XCBuildConfiguration section */

/* Begin XCConfigurationList section */
		1B925B9614615C7D00C9FC49 /* Build configuration list for PBXProject "SCApiTest" */ = {
			isa = XCConfigurationList;
			buildConfigurations = (
				1B925BB814615C7E00C9FC49 /* Debug */,
				1B925BB914615C7E00C9FC49 /* Release */,
			);
			defaultConfigurationIsVisible = 0;
			defaultConfigurationName = Release;
		};
		1B925BBA14615C7E00C9FC49 /* Build configuration list for PBXNativeTarget "SCApiTest" */ = {
			isa = XCConfigurationList;
			buildConfigurations = (
				1B925BBB14615C7E00C9FC49 /* Debug */,
				1B925BBC14615C7E00C9FC49 /* Release */,
			);
			defaultConfigurationIsVisible = 0;
			defaultConfigurationName = Release;
		};
		1BCC938D1511E11B00271BFD /* Build configuration list for PBXNativeTarget "SCApiTestLibs" */ = {
			isa = XCConfigurationList;
			buildConfigurations = (
				1BCC938E1511E11B00271BFD /* Debug */,
				1BCC938F1511E11B00271BFD /* Release */,
			);
			defaultConfigurationIsVisible = 0;
			defaultConfigurationName = Release;
		};
/* End XCConfigurationList section */
	};
	rootObject = 1B925B9314615C7D00C9FC49 /* Project object */;
}
